// !$*UTF8*$!
{
	archiveVersion = 1;
	classes = {
	};
	objectVersion = 50;
	objects = {

/* Begin PBXBuildFile section */
		843EF8972087A1F40000D17C /* AppDelegate.swift in Sources */ = {isa = PBXBuildFile; fileRef = 843EF8962087A1F40000D17C /* AppDelegate.swift */; };
		843EF89C2087A1F40000D17C /* Main.storyboard in Resources */ = {isa = PBXBuildFile; fileRef = 843EF89A2087A1F40000D17C /* Main.storyboard */; };
		843EF89E2087A1F60000D17C /* Assets.xcassets in Resources */ = {isa = PBXBuildFile; fileRef = 843EF89D2087A1F60000D17C /* Assets.xcassets */; };
		843EF8A12087A1F60000D17C /* LaunchScreen.storyboard in Resources */ = {isa = PBXBuildFile; fileRef = 843EF89F2087A1F60000D17C /* LaunchScreen.storyboard */; };
		843EF8A92087A6E90000D17C /* AssignmentsVC.swift in Sources */ = {isa = PBXBuildFile; fileRef = 843EF8A82087A6E90000D17C /* AssignmentsVC.swift */; };
		843EF8AB2087AFCD0000D17C /* Assignment.swift in Sources */ = {isa = PBXBuildFile; fileRef = 843EF8AA2087AFCD0000D17C /* Assignment.swift */; };
		843EF8AD2087B04E0000D17C /* AssignmentService.swift in Sources */ = {isa = PBXBuildFile; fileRef = 843EF8AC2087B04E0000D17C /* AssignmentService.swift */; };
		843EF8B32087E74F0000D17C /* DataService.swift in Sources */ = {isa = PBXBuildFile; fileRef = 843EF8B22087E74F0000D17C /* DataService.swift */; };
/* End PBXBuildFile section */

/* Begin PBXFileReference section */
		843EF8932087A1F40000D17C /* Assignment.app */ = {isa = PBXFileReference; explicitFileType = wrapper.application; includeInIndex = 0; path = Assignment.app; sourceTree = BUILT_PRODUCTS_DIR; };
		843EF8962087A1F40000D17C /* AppDelegate.swift */ = {isa = PBXFileReference; lastKnownFileType = sourcecode.swift; path = AppDelegate.swift; sourceTree = "<group>"; };
		843EF89B2087A1F40000D17C /* Base */ = {isa = PBXFileReference; lastKnownFileType = file.storyboard; name = Base; path = Base.lproj/Main.storyboard; sourceTree = "<group>"; };
		843EF89D2087A1F60000D17C /* Assets.xcassets */ = {isa = PBXFileReference; lastKnownFileType = folder.assetcatalog; path = Assets.xcassets; sourceTree = "<group>"; };
		843EF8A02087A1F60000D17C /* Base */ = {isa = PBXFileReference; lastKnownFileType = file.storyboard; name = Base; path = Base.lproj/LaunchScreen.storyboard; sourceTree = "<group>"; };
		843EF8A22087A1F60000D17C /* Info.plist */ = {isa = PBXFileReference; lastKnownFileType = text.plist.xml; path = Info.plist; sourceTree = "<group>"; };
		843EF8A82087A6E90000D17C /* AssignmentsVC.swift */ = {isa = PBXFileReference; lastKnownFileType = sourcecode.swift; path = AssignmentsVC.swift; sourceTree = "<group>"; };
		843EF8AA2087AFCD0000D17C /* Assignment.swift */ = {isa = PBXFileReference; lastKnownFileType = sourcecode.swift; path = Assignment.swift; sourceTree = "<group>"; };
		843EF8AC2087B04E0000D17C /* AssignmentService.swift */ = {isa = PBXFileReference; lastKnownFileType = sourcecode.swift; path = AssignmentService.swift; sourceTree = "<group>"; };
		843EF8B22087E74F0000D17C /* DataService.swift */ = {isa = PBXFileReference; lastKnownFileType = sourcecode.swift; path = DataService.swift; sourceTree = "<group>"; };
/* End PBXFileReference section */

/* Begin PBXFrameworksBuildPhase section */
		843EF8902087A1F40000D17C /* Frameworks */ = {
			isa = PBXFrameworksBuildPhase;
			buildActionMask = 2147483647;
			files = (
			);
			runOnlyForDeploymentPostprocessing = 0;
		};
/* End PBXFrameworksBuildPhase section */

/* Begin PBXGroup section */
		843EF88A2087A1F40000D17C = {
			isa = PBXGroup;
			children = (
				843EF8952087A1F40000D17C /* Assignment */,
				843EF8942087A1F40000D17C /* Products */,
			);
			sourceTree = "<group>";
		};
		843EF8942087A1F40000D17C /* Products */ = {
			isa = PBXGroup;
			children = (
				843EF8932087A1F40000D17C /* Assignment.app */,
			);
			name = Products;
			sourceTree = "<group>";
		};
		843EF8952087A1F40000D17C /* Assignment */ = {
			isa = PBXGroup;
			children = (
				843EF8B12087CC3D0000D17C /* Models */,
				843EF8B02087CC380000D17C /* Views */,
				843EF8AF2087CC2B0000D17C /* Controllers */,
				843EF8AE2087CC260000D17C /* Services */,
				843EF8962087A1F40000D17C /* AppDelegate.swift */,
				843EF89A2087A1F40000D17C /* Main.storyboard */,
				843EF89D2087A1F60000D17C /* Assets.xcassets */,
				843EF89F2087A1F60000D17C /* LaunchScreen.storyboard */,
				843EF8A22087A1F60000D17C /* Info.plist */,
			);
			path = Assignment;
			sourceTree = "<group>";
		};
		843EF8AE2087CC260000D17C /* Services */ = {
			isa = PBXGroup;
			children = (
				843EF8AC2087B04E0000D17C /* AssignmentService.swift */,
				843EF8B22087E74F0000D17C /* DataService.swift */,
			);
			path = Services;
			sourceTree = "<group>";
		};
		843EF8AF2087CC2B0000D17C /* Controllers */ = {
			isa = PBXGroup;
			children = (
				843EF8A82087A6E90000D17C /* AssignmentsVC.swift */,
			);
			path = Controllers;
			sourceTree = "<group>";
		};
		843EF8B02087CC380000D17C /* Views */ = {
			isa = PBXGroup;
			children = (
			);
			path = Views;
			sourceTree = "<group>";
		};
		843EF8B12087CC3D0000D17C /* Models */ = {
			isa = PBXGroup;
			children = (
				843EF8AA2087AFCD0000D17C /* Assignment.swift */,
			);
			path = Models;
			sourceTree = "<group>";
		};
/* End PBXGroup section */

/* Begin PBXNativeTarget section */
		843EF8922087A1F40000D17C /* Assignment */ = {
			isa = PBXNativeTarget;
			buildConfigurationList = 843EF8A52087A1F60000D17C /* Build configuration list for PBXNativeTarget "Assignment" */;
			buildPhases = (
				843EF88F2087A1F40000D17C /* Sources */,
				843EF8902087A1F40000D17C /* Frameworks */,
				843EF8912087A1F40000D17C /* Resources */,
			);
			buildRules = (
			);
			dependencies = (
			);
			name = Assignment;
			productName = Assignment;
			productReference = 843EF8932087A1F40000D17C /* Assignment.app */;
			productType = "com.apple.product-type.application";
		};
/* End PBXNativeTarget section */

/* Begin PBXProject section */
		843EF88B2087A1F40000D17C /* Project object */ = {
			isa = PBXProject;
			attributes = {
				LastSwiftUpdateCheck = 0930;
				LastUpgradeCheck = 0930;
				ORGANIZATIONNAME = TheDeveloperEd;
				TargetAttributes = {
					843EF8922087A1F40000D17C = {
						CreatedOnToolsVersion = 9.3;
					};
				};
			};
			buildConfigurationList = 843EF88E2087A1F40000D17C /* Build configuration list for PBXProject "Assignment" */;
			compatibilityVersion = "Xcode 9.3";
			developmentRegion = en;
			hasScannedForEncodings = 0;
			knownRegions = (
				en,
				Base,
			);
			mainGroup = 843EF88A2087A1F40000D17C;
			productRefGroup = 843EF8942087A1F40000D17C /* Products */;
			projectDirPath = "";
			projectRoot = "";
			targets = (
				843EF8922087A1F40000D17C /* Assignment */,
			);
		};
/* End PBXProject section */

/* Begin PBXResourcesBuildPhase section */
		843EF8912087A1F40000D17C /* Resources */ = {
			isa = PBXResourcesBuildPhase;
			buildActionMask = 2147483647;
			files = (
				843EF8A12087A1F60000D17C /* LaunchScreen.storyboard in Resources */,
				843EF89E2087A1F60000D17C /* Assets.xcassets in Resources */,
				843EF89C2087A1F40000D17C /* Main.storyboard in Resources */,
			);
			runOnlyForDeploymentPostprocessing = 0;
		};
/* End PBXResourcesBuildPhase section */

/* Begin PBXSourcesBuildPhase section */
		843EF88F2087A1F40000D17C /* Sources */ = {
			isa = PBXSourcesBuildPhase;
			buildActionMask = 2147483647;
			files = (
				843EF8AD2087B04E0000D17C /* AssignmentService.swift in Sources */,
				843EF8AB2087AFCD0000D17C /* Assignment.swift in Sources */,
				843EF8972087A1F40000D17C /* AppDelegate.swift in Sources */,
				843EF8A92087A6E90000D17C /* AssignmentsVC.swift in Sources */,
				843EF8B32087E74F0000D17C /* DataService.swift in Sources */,
			);
			runOnlyForDeploymentPostprocessing = 0;
		};
/* End PBXSourcesBuildPhase section */

/* Begin PBXVariantGroup section */
		843EF89A2087A1F40000D17C /* Main.storyboard */ = {
			isa = PBXVariantGroup;
			children = (
				843EF89B2087A1F40000D17C /* Base */,
			);
			name = Main.storyboard;
			sourceTree = "<group>";
		};
		843EF89F2087A1F60000D17C /* LaunchScreen.storyboard */ = {
			isa = PBXVariantGroup;
			children = (
				843EF8A02087A1F60000D17C /* Base */,
			);
			name = LaunchScreen.storyboard;
			sourceTree = "<group>";
		};
/* End PBXVariantGroup section */

/* Begin XCBuildConfiguration section */
		843EF8A32087A1F60000D17C /* Debug */ = {
			isa = XCBuildConfiguration;
			buildSettings = {
				ALWAYS_SEARCH_USER_PATHS = NO;
				CLANG_ANALYZER_NONNULL = YES;
				CLANG_ANALYZER_NUMBER_OBJECT_CONVERSION = YES_AGGRESSIVE;
				CLANG_CXX_LANGUAGE_STANDARD = "gnu++14";
				CLANG_CXX_LIBRARY = "libc++";
				CLANG_ENABLE_MODULES = YES;
				CLANG_ENABLE_OBJC_ARC = YES;
				CLANG_ENABLE_OBJC_WEAK = YES;
				CLANG_WARN_BLOCK_CAPTURE_AUTORELEASING = YES;
				CLANG_WARN_BOOL_CONVERSION = YES;
				CLANG_WARN_COMMA = YES;
				CLANG_WARN_CONSTANT_CONVERSION = YES;
				CLANG_WARN_DEPRECATED_OBJC_IMPLEMENTATIONS = YES;
				CLANG_WARN_DIRECT_OBJC_ISA_USAGE = YES_ERROR;
				CLANG_WARN_DOCUMENTATION_COMMENTS = YES;
				CLANG_WARN_EMPTY_BODY = YES;
				CLANG_WARN_ENUM_CONVERSION = YES;
				CLANG_WARN_INFINITE_RECURSION = YES;
				CLANG_WARN_INT_CONVERSION = YES;
				CLANG_WARN_NON_LITERAL_NULL_CONVERSION = YES;
				CLANG_WARN_OBJC_IMPLICIT_RETAIN_SELF = YES;
				CLANG_WARN_OBJC_LITERAL_CONVERSION = YES;
				CLANG_WARN_OBJC_ROOT_CLASS = YES_ERROR;
				CLANG_WARN_RANGE_LOOP_ANALYSIS = YES;
				CLANG_WARN_STRICT_PROTOTYPES = YES;
				CLANG_WARN_SUSPICIOUS_MOVE = YES;
				CLANG_WARN_UNGUARDED_AVAILABILITY = YES_AGGRESSIVE;
				CLANG_WARN_UNREACHABLE_CODE = YES;
				CLANG_WARN__DUPLICATE_METHOD_MATCH = YES;
				CODE_SIGN_IDENTITY = "iPhone Developer";
				COPY_PHASE_STRIP = NO;
				DEBUG_INFORMATION_FORMAT = dwarf;
				ENABLE_STRICT_OBJC_MSGSEND = YES;
				ENABLE_TESTABILITY = YES;
				GCC_C_LANGUAGE_STANDARD = gnu11;
				GCC_DYNAMIC_NO_PIC = NO;
				GCC_NO_COMMON_BLOCKS = YES;
				GCC_OPTIMIZATION_LEVEL = 0;
				GCC_PREPROCESSOR_DEFINITIONS = (
					"DEBUG=1",
					"$(inherited)",
				);
				GCC_WARN_64_TO_32_BIT_CONVERSION = YES;
				GCC_WARN_ABOUT_RETURN_TYPE = YES_ERROR;
				GCC_WARN_UNDECLARED_SELECTOR = YES;
				GCC_WARN_UNINITIALIZED_AUTOS = YES_AGGRESSIVE;
				GCC_WARN_UNUSED_FUNCTION = YES;
				GCC_WARN_UNUSED_VARIABLE = YES;
				IPHONEOS_DEPLOYMENT_TARGET = 11.3;
				MTL_ENABLE_DEBUG_INFO = YES;
				ONLY_ACTIVE_ARCH = YES;
				SDKROOT = iphoneos;
				SWIFT_ACTIVE_COMPILATION_CONDITIONS = DEBUG;
				SWIFT_OPTIMIZATION_LEVEL = "-Onone";
			};
			name = Debug;
		};
		843EF8A42087A1F60000D17C /* Release */ = {
			isa = XCBuildConfiguration;
			buildSettings = {
				ALWAYS_SEARCH_USER_PATHS = NO;
				CLANG_ANALYZER_NONNULL = YES;
				CLANG_ANALYZER_NUMBER_OBJECT_CONVERSION = YES_AGGRESSIVE;
				CLANG_CXX_LANGUAGE_STANDARD = "gnu++14";
				CLANG_CXX_LIBRARY = "libc++";
				CLANG_ENABLE_MODULES = YES;
				CLANG_ENABLE_OBJC_ARC = YES;
				CLANG_ENABLE_OBJC_WEAK = YES;
				CLANG_WARN_BLOCK_CAPTURE_AUTORELEASING = YES;
				CLANG_WARN_BOOL_CONVERSION = YES;
				CLANG_WARN_COMMA = YES;
				CLANG_WARN_CONSTANT_CONVERSION = YES;
				CLANG_WARN_DEPRECATED_OBJC_IMPLEMENTATIONS = YES;
				CLANG_WARN_DIRECT_OBJC_ISA_USAGE = YES_ERROR;
				CLANG_WARN_DOCUMENTATION_COMMENTS = YES;
				CLANG_WARN_EMPTY_BODY = YES;
				CLANG_WARN_ENUM_CONVERSION = YES;
				CLANG_WARN_INFINITE_RECURSION = YES;
				CLANG_WARN_INT_CONVERSION = YES;
				CLANG_WARN_NON_LITERAL_NULL_CONVERSION = YES;
				CLANG_WARN_OBJC_IMPLICIT_RETAIN_SELF = YES;
				CLANG_WARN_OBJC_LITERAL_CONVERSION = YES;
				CLANG_WARN_OBJC_ROOT_CLASS = YES_ERROR;
				CLANG_WARN_RANGE_LOOP_ANALYSIS = YES;
				CLANG_WARN_STRICT_PROTOTYPES = YES;
				CLANG_WARN_SUSPICIOUS_MOVE = YES;
				CLANG_WARN_UNGUARDED_AVAILABILITY = YES_AGGRESSIVE;
				CLANG_WARN_UNREACHABLE_CODE = YES;
				CLANG_WARN__DUPLICATE_METHOD_MATCH = YES;
				CODE_SIGN_IDENTITY = "iPhone Developer";
				COPY_PHASE_STRIP = NO;
				DEBUG_INFORMATION_FORMAT = "dwarf-with-dsym";
				ENABLE_NS_ASSERTIONS = NO;
				ENABLE_STRICT_OBJC_MSGSEND = YES;
				GCC_C_LANGUAGE_STANDARD = gnu11;
				GCC_NO_COMMON_BLOCKS = YES;
				GCC_WARN_64_TO_32_BIT_CONVERSION = YES;
				GCC_WARN_ABOUT_RETURN_TYPE = YES_ERROR;
				GCC_WARN_UNDECLARED_SELECTOR = YES;
				GCC_WARN_UNINITIALIZED_AUTOS = YES_AGGRESSIVE;
				GCC_WARN_UNUSED_FUNCTION = YES;
				GCC_WARN_UNUSED_VARIABLE = YES;
				IPHONEOS_DEPLOYMENT_TARGET = 11.3;
				MTL_ENABLE_DEBUG_INFO = NO;
				SDKROOT = iphoneos;
				SWIFT_COMPILATION_MODE = wholemodule;
				SWIFT_OPTIMIZATION_LEVEL = "-O";
				VALIDATE_PRODUCT = YES;
			};
			name = Release;
		};
		843EF8A62087A1F60000D17C /* Debug */ = {
			isa = XCBuildConfiguration;
			buildSettings = {
				ASSETCATALOG_COMPILER_APPICON_NAME = AppIcon;
				CODE_SIGN_STYLE = Automatic;
				DEVELOPMENT_TEAM = 988J4277MW;
				INFOPLIST_FILE = Assignment/Info.plist;
				LD_RUNPATH_SEARCH_PATHS = (
					"$(inherited)",
					"@executable_path/Frameworks",
				);
				PRODUCT_BUNDLE_IDENTIFIER = TheDeveloperEd.Assignment;
				PRODUCT_NAME = "$(TARGET_NAME)";
				SWIFT_VERSION = 4.0;
				TARGETED_DEVICE_FAMILY = "1,2";
			};
			name = Debug;
		};
		843EF8A72087A1F60000D17C /* Release */ = {
			isa = XCBuildConfiguration;
			buildSettings = {
				ASSETCATALOG_COMPILER_APPICON_NAME = AppIcon;
				CODE_SIGN_STYLE = Automatic;
				DEVELOPMENT_TEAM = 988J4277MW;
				INFOPLIST_FILE = Assignment/Info.plist;
				LD_RUNPATH_SEARCH_PATHS = (
					"$(inherited)",
					"@executable_path/Frameworks",
				);
				PRODUCT_BUNDLE_IDENTIFIER = TheDeveloperEd.Assignment;
				PRODUCT_NAME = "$(TARGET_NAME)";
				SWIFT_VERSION = 4.0;
				TARGETED_DEVICE_FAMILY = "1,2";
			};
			name = Release;
		};
/* End XCBuildConfiguration section */

/* Begin XCConfigurationList section */
		843EF88E2087A1F40000D17C /* Build configuration list for PBXProject "Assignment" */ = {
			isa = XCConfigurationList;
			buildConfigurations = (
				843EF8A32087A1F60000D17C /* Debug */,
				843EF8A42087A1F60000D17C /* Release */,
			);
			defaultConfigurationIsVisible = 0;
			defaultConfigurationName = Release;
		};
		843EF8A52087A1F60000D17C /* Build configuration list for PBXNativeTarget "Assignment" */ = {
			isa = XCConfigurationList;
			buildConfigurations = (
				843EF8A62087A1F60000D17C /* Debug */,
				843EF8A72087A1F60000D17C /* Release */,
			);
			defaultConfigurationIsVisible = 0;
			defaultConfigurationName = Release;
		};
/* End XCConfigurationList section */
	};
	rootObject = 843EF88B2087A1F40000D17C /* Project object */;
}
